
Microsoft Visual Studio Solution File, Format Version 12.00
# Visual Studio Version 17
VisualStudioVersion = 17.1.32421.90
MinimumVisualStudioVersion = 10.0.40219.1
Project("{FAE04EC0-301F-11D3-BF4B-00C04F79EFBC}") = "ClinicaVET5413", "ClinicaVET5413\ClinicaVET5413.csproj", "{71000FAD-8618-4DD4-A833-0AF64CE91B6C}"
EndProject
Global
	GlobalSection(SolutionConfigurationPlatforms) = preSolution
		Debug|Any CPU = Debug|Any CPU
		Release|Any CPU = Release|Any CPU
	EndGlobalSection
	GlobalSection(ProjectConfigurationPlatforms) = postSolution
		{71000FAD-8618-4DD4-A833-0AF64CE91B6C}.Debug|Any CPU.ActiveCfg = Debug|Any CPU
		{71000FAD-8618-4DD4-A833-0AF64CE91B6C}.Debug|Any CPU.Build.0 = Debug|Any CPU
		{71000FAD-8618-4DD4-A833-0AF64CE91B6C}.Release|Any CPU.ActiveCfg = Release|Any CPU
		{71000FAD-8618-4DD4-A833-0AF64CE91B6C}.Release|Any CPU.Build.0 = Release|Any CPU
	EndGlobalSection
	GlobalSection(SolutionProperties) = preSolution
		HideSolutionNode = FALSE
	EndGlobalSection
	GlobalSection(ExtensibilityGlobals) = postSolution
		SolutionGuid = {2867386C-E8CF-4D48-AF6F-202E09E0CF43}
	EndGlobalSection
EndGlobal
